// !$*UTF8*$!
{
	archiveVersion = 1;
	classes = {
	};
	objectVersion = 46;
	objects = {

/* Begin PBXBuildFile section */
		16C37A4B0A2BF4D52552580C /* Pods_RainyShinyCloudy.framework in Frameworks */ = {isa = PBXBuildFile; fileRef = 60EB8D52871AC42D8C4146E8 /* Pods_RainyShinyCloudy.framework */; };
		60F2502AE2548821FFE23DD6 /* Pods_RainyShinyCloudyUITests.framework in Frameworks */ = {isa = PBXBuildFile; fileRef = 78F707CF8CB687E6551CE2EB /* Pods_RainyShinyCloudyUITests.framework */; };
		7591CC553053CC90368E2F0C /* Pods_RainyShinyCloudyTests.framework in Frameworks */ = {isa = PBXBuildFile; fileRef = 5A22ED83A0B895B05CEDC832 /* Pods_RainyShinyCloudyTests.framework */; };
		AA926EC21E544A4C0038ADF9 /* AppDelegate.swift in Sources */ = {isa = PBXBuildFile; fileRef = AA926EC11E544A4C0038ADF9 /* AppDelegate.swift */; };
		AA926EC41E544A4C0038ADF9 /* WeatherVC.swift in Sources */ = {isa = PBXBuildFile; fileRef = AA926EC31E544A4C0038ADF9 /* WeatherVC.swift */; };
		AA926EC71E544A4C0038ADF9 /* Main.storyboard in Resources */ = {isa = PBXBuildFile; fileRef = AA926EC51E544A4C0038ADF9 /* Main.storyboard */; };
		AA926ECA1E544A4C0038ADF9 /* RainyShinyCloudy.xcdatamodeld in Sources */ = {isa = PBXBuildFile; fileRef = AA926EC81E544A4C0038ADF9 /* RainyShinyCloudy.xcdatamodeld */; };
		AA926ECC1E544A4C0038ADF9 /* Assets.xcassets in Resources */ = {isa = PBXBuildFile; fileRef = AA926ECB1E544A4C0038ADF9 /* Assets.xcassets */; };
		AA926ECF1E544A4C0038ADF9 /* LaunchScreen.storyboard in Resources */ = {isa = PBXBuildFile; fileRef = AA926ECD1E544A4C0038ADF9 /* LaunchScreen.storyboard */; };
		AA926EDA1E544A4C0038ADF9 /* RainyShinyCloudyTests.swift in Sources */ = {isa = PBXBuildFile; fileRef = AA926ED91E544A4C0038ADF9 /* RainyShinyCloudyTests.swift */; };
		AA926EE51E544A4C0038ADF9 /* RainyShinyCloudyUITests.swift in Sources */ = {isa = PBXBuildFile; fileRef = AA926EE41E544A4C0038ADF9 /* RainyShinyCloudyUITests.swift */; };
/* End PBXBuildFile section */

/* Begin PBXContainerItemProxy section */
		AA926ED61E544A4C0038ADF9 /* PBXContainerItemProxy */ = {
			isa = PBXContainerItemProxy;
			containerPortal = AA926EB61E544A4C0038ADF9 /* Project object */;
			proxyType = 1;
			remoteGlobalIDString = AA926EBD1E544A4C0038ADF9;
			remoteInfo = RainyShinyCloudy;
		};
		AA926EE11E544A4C0038ADF9 /* PBXContainerItemProxy */ = {
			isa = PBXContainerItemProxy;
			containerPortal = AA926EB61E544A4C0038ADF9 /* Project object */;
			proxyType = 1;
			remoteGlobalIDString = AA926EBD1E544A4C0038ADF9;
			remoteInfo = RainyShinyCloudy;
		};
/* End PBXContainerItemProxy section */

/* Begin PBXFileReference section */
		0418031C5F669B08B54E8E8E /* Pods-RainyShinyCloudy.release.xcconfig */ = {isa = PBXFileReference; includeInIndex = 1; lastKnownFileType = text.xcconfig; name = "Pods-RainyShinyCloudy.release.xcconfig"; path = "Pods/Target Support Files/Pods-RainyShinyCloudy/Pods-RainyShinyCloudy.release.xcconfig"; sourceTree = "<group>"; };
		15C8AAAB2FF13B9F248EB9BD /* Pods-RainyShinyCloudyUITests.release.xcconfig */ = {isa = PBXFileReference; includeInIndex = 1; lastKnownFileType = text.xcconfig; name = "Pods-RainyShinyCloudyUITests.release.xcconfig"; path = "Pods/Target Support Files/Pods-RainyShinyCloudyUITests/Pods-RainyShinyCloudyUITests.release.xcconfig"; sourceTree = "<group>"; };
		179344862125FF529AEC283D /* Pods-RainyShinyCloudyTests.debug.xcconfig */ = {isa = PBXFileReference; includeInIndex = 1; lastKnownFileType = text.xcconfig; name = "Pods-RainyShinyCloudyTests.debug.xcconfig"; path = "Pods/Target Support Files/Pods-RainyShinyCloudyTests/Pods-RainyShinyCloudyTests.debug.xcconfig"; sourceTree = "<group>"; };
		4E2392EACF6E5C0AF803EA04 /* Pods-RainyShinyCloudy.debug.xcconfig */ = {isa = PBXFileReference; includeInIndex = 1; lastKnownFileType = text.xcconfig; name = "Pods-RainyShinyCloudy.debug.xcconfig"; path = "Pods/Target Support Files/Pods-RainyShinyCloudy/Pods-RainyShinyCloudy.debug.xcconfig"; sourceTree = "<group>"; };
		5A22ED83A0B895B05CEDC832 /* Pods_RainyShinyCloudyTests.framework */ = {isa = PBXFileReference; explicitFileType = wrapper.framework; includeInIndex = 0; path = Pods_RainyShinyCloudyTests.framework; sourceTree = BUILT_PRODUCTS_DIR; };
		5E502E00DA8999D9BC4DB79A /* Pods-RainyShinyCloudyTests.release.xcconfig */ = {isa = PBXFileReference; includeInIndex = 1; lastKnownFileType = text.xcconfig; name = "Pods-RainyShinyCloudyTests.release.xcconfig"; path = "Pods/Target Support Files/Pods-RainyShinyCloudyTests/Pods-RainyShinyCloudyTests.release.xcconfig"; sourceTree = "<group>"; };
		60EB8D52871AC42D8C4146E8 /* Pods_RainyShinyCloudy.framework */ = {isa = PBXFileReference; explicitFileType = wrapper.framework; includeInIndex = 0; path = Pods_RainyShinyCloudy.framework; sourceTree = BUILT_PRODUCTS_DIR; };
		78F707CF8CB687E6551CE2EB /* Pods_RainyShinyCloudyUITests.framework */ = {isa = PBXFileReference; explicitFileType = wrapper.framework; includeInIndex = 0; path = Pods_RainyShinyCloudyUITests.framework; sourceTree = BUILT_PRODUCTS_DIR; };
		79866DB7368FA751B275DDD3 /* Pods-RainyShinyCloudyUITests.debug.xcconfig */ = {isa = PBXFileReference; includeInIndex = 1; lastKnownFileType = text.xcconfig; name = "Pods-RainyShinyCloudyUITests.debug.xcconfig"; path = "Pods/Target Support Files/Pods-RainyShinyCloudyUITests/Pods-RainyShinyCloudyUITests.debug.xcconfig"; sourceTree = "<group>"; };
		AA926EBE1E544A4C0038ADF9 /* RainyShinyCloudy.app */ = {isa = PBXFileReference; explicitFileType = wrapper.application; includeInIndex = 0; path = RainyShinyCloudy.app; sourceTree = BUILT_PRODUCTS_DIR; };
		AA926EC11E544A4C0038ADF9 /* AppDelegate.swift */ = {isa = PBXFileReference; lastKnownFileType = sourcecode.swift; path = AppDelegate.swift; sourceTree = "<group>"; };
		AA926EC31E544A4C0038ADF9 /* WeatherVC.swift */ = {isa = PBXFileReference; lastKnownFileType = sourcecode.swift; path = WeatherVC.swift; sourceTree = "<group>"; };
		AA926EC61E544A4C0038ADF9 /* Base */ = {isa = PBXFileReference; lastKnownFileType = file.storyboard; name = Base; path = Base.lproj/Main.storyboard; sourceTree = "<group>"; };
		AA926EC91E544A4C0038ADF9 /* RainyShinyCloudy.xcdatamodel */ = {isa = PBXFileReference; lastKnownFileType = wrapper.xcdatamodel; path = RainyShinyCloudy.xcdatamodel; sourceTree = "<group>"; };
		AA926ECB1E544A4C0038ADF9 /* Assets.xcassets */ = {isa = PBXFileReference; lastKnownFileType = folder.assetcatalog; path = Assets.xcassets; sourceTree = "<group>"; };
		AA926ECE1E544A4C0038ADF9 /* Base */ = {isa = PBXFileReference; lastKnownFileType = file.storyboard; name = Base; path = Base.lproj/LaunchScreen.storyboard; sourceTree = "<group>"; };
		AA926ED01E544A4C0038ADF9 /* Info.plist */ = {isa = PBXFileReference; lastKnownFileType = text.plist.xml; path = Info.plist; sourceTree = "<group>"; };
		AA926ED51E544A4C0038ADF9 /* RainyShinyCloudyTests.xctest */ = {isa = PBXFileReference; explicitFileType = wrapper.cfbundle; includeInIndex = 0; path = RainyShinyCloudyTests.xctest; sourceTree = BUILT_PRODUCTS_DIR; };
		AA926ED91E544A4C0038ADF9 /* RainyShinyCloudyTests.swift */ = {isa = PBXFileReference; lastKnownFileType = sourcecode.swift; path = RainyShinyCloudyTests.swift; sourceTree = "<group>"; };
		AA926EDB1E544A4C0038ADF9 /* Info.plist */ = {isa = PBXFileReference; lastKnownFileType = text.plist.xml; path = Info.plist; sourceTree = "<group>"; };
		AA926EE01E544A4C0038ADF9 /* RainyShinyCloudyUITests.xctest */ = {isa = PBXFileReference; explicitFileType = wrapper.cfbundle; includeInIndex = 0; path = RainyShinyCloudyUITests.xctest; sourceTree = BUILT_PRODUCTS_DIR; };
		AA926EE41E544A4C0038ADF9 /* RainyShinyCloudyUITests.swift */ = {isa = PBXFileReference; lastKnownFileType = sourcecode.swift; path = RainyShinyCloudyUITests.swift; sourceTree = "<group>"; };
		AA926EE61E544A4C0038ADF9 /* Info.plist */ = {isa = PBXFileReference; lastKnownFileType = text.plist.xml; path = Info.plist; sourceTree = "<group>"; };
/* End PBXFileReference section */

/* Begin PBXFrameworksBuildPhase section */
		AA926EBB1E544A4C0038ADF9 /* Frameworks */ = {
			isa = PBXFrameworksBuildPhase;
			buildActionMask = 2147483647;
			files = (
				16C37A4B0A2BF4D52552580C /* Pods_RainyShinyCloudy.framework in Frameworks */,
			);
			runOnlyForDeploymentPostprocessing = 0;
		};
		AA926ED21E544A4C0038ADF9 /* Frameworks */ = {
			isa = PBXFrameworksBuildPhase;
			buildActionMask = 2147483647;
			files = (
				7591CC553053CC90368E2F0C /* Pods_RainyShinyCloudyTests.framework in Frameworks */,
			);
			runOnlyForDeploymentPostprocessing = 0;
		};
		AA926EDD1E544A4C0038ADF9 /* Frameworks */ = {
			isa = PBXFrameworksBuildPhase;
			buildActionMask = 2147483647;
			files = (
				60F2502AE2548821FFE23DD6 /* Pods_RainyShinyCloudyUITests.framework in Frameworks */,
			);
			runOnlyForDeploymentPostprocessing = 0;
		};
/* End PBXFrameworksBuildPhase section */

/* Begin PBXGroup section */
		1D8ECE21238DFDB7E0EED754 /* Frameworks */ = {
			isa = PBXGroup;
			children = (
				60EB8D52871AC42D8C4146E8 /* Pods_RainyShinyCloudy.framework */,
				5A22ED83A0B895B05CEDC832 /* Pods_RainyShinyCloudyTests.framework */,
				78F707CF8CB687E6551CE2EB /* Pods_RainyShinyCloudyUITests.framework */,
			);
			name = Frameworks;
			sourceTree = "<group>";
		};
		A6186F6F6961B6A1816D1AB0 /* Pods */ = {
			isa = PBXGroup;
			children = (
				4E2392EACF6E5C0AF803EA04 /* Pods-RainyShinyCloudy.debug.xcconfig */,
				0418031C5F669B08B54E8E8E /* Pods-RainyShinyCloudy.release.xcconfig */,
				179344862125FF529AEC283D /* Pods-RainyShinyCloudyTests.debug.xcconfig */,
				5E502E00DA8999D9BC4DB79A /* Pods-RainyShinyCloudyTests.release.xcconfig */,
				79866DB7368FA751B275DDD3 /* Pods-RainyShinyCloudyUITests.debug.xcconfig */,
				15C8AAAB2FF13B9F248EB9BD /* Pods-RainyShinyCloudyUITests.release.xcconfig */,
			);
			name = Pods;
			sourceTree = "<group>";
		};
		AA926EB51E544A4C0038ADF9 = {
			isa = PBXGroup;
			children = (
				AA926EC01E544A4C0038ADF9 /* RainyShinyCloudy */,
				AA926ED81E544A4C0038ADF9 /* RainyShinyCloudyTests */,
				AA926EE31E544A4C0038ADF9 /* RainyShinyCloudyUITests */,
				AA926EBF1E544A4C0038ADF9 /* Products */,
				A6186F6F6961B6A1816D1AB0 /* Pods */,
				1D8ECE21238DFDB7E0EED754 /* Frameworks */,
			);
			sourceTree = "<group>";
		};
		AA926EBF1E544A4C0038ADF9 /* Products */ = {
			isa = PBXGroup;
			children = (
				AA926EBE1E544A4C0038ADF9 /* RainyShinyCloudy.app */,
				AA926ED51E544A4C0038ADF9 /* RainyShinyCloudyTests.xctest */,
				AA926EE01E544A4C0038ADF9 /* RainyShinyCloudyUITests.xctest */,
			);
			name = Products;
			sourceTree = "<group>";
		};
		AA926EC01E544A4C0038ADF9 /* RainyShinyCloudy */ = {
			isa = PBXGroup;
			children = (
				AAE620CC1E545C2F009A97F5 /* Controller */,
				AA926EC11E544A4C0038ADF9 /* AppDelegate.swift */,
				AA926EC51E544A4C0038ADF9 /* Main.storyboard */,
				AA926ECB1E544A4C0038ADF9 /* Assets.xcassets */,
				AA926ECD1E544A4C0038ADF9 /* LaunchScreen.storyboard */,
				AA926ED01E544A4C0038ADF9 /* Info.plist */,
				AA926EC81E544A4C0038ADF9 /* RainyShinyCloudy.xcdatamodeld */,
			);
			path = RainyShinyCloudy;
			sourceTree = "<group>";
		};
		AA926ED81E544A4C0038ADF9 /* RainyShinyCloudyTests */ = {
			isa = PBXGroup;
			children = (
				AA926ED91E544A4C0038ADF9 /* RainyShinyCloudyTests.swift */,
				AA926EDB1E544A4C0038ADF9 /* Info.plist */,
			);
			path = RainyShinyCloudyTests;
			sourceTree = "<group>";
		};
		AA926EE31E544A4C0038ADF9 /* RainyShinyCloudyUITests */ = {
			isa = PBXGroup;
			children = (
				AA926EE41E544A4C0038ADF9 /* RainyShinyCloudyUITests.swift */,
				AA926EE61E544A4C0038ADF9 /* Info.plist */,
			);
			path = RainyShinyCloudyUITests;
			sourceTree = "<group>";
		};
		AAE620CC1E545C2F009A97F5 /* Controller */ = {
			isa = PBXGroup;
			children = (
				AA926EC31E544A4C0038ADF9 /* WeatherVC.swift */,
			);
			name = Controller;
			sourceTree = "<group>";
		};
/* End PBXGroup section */

/* Begin PBXNativeTarget section */
		AA926EBD1E544A4C0038ADF9 /* RainyShinyCloudy */ = {
			isa = PBXNativeTarget;
			buildConfigurationList = AA926EE91E544A4C0038ADF9 /* Build configuration list for PBXNativeTarget "RainyShinyCloudy" */;
			buildPhases = (
				A6B3F5AB298A6BC8F6AAC419 /* [CP] Check Pods Manifest.lock */,
				AA926EBA1E544A4C0038ADF9 /* Sources */,
				AA926EBB1E544A4C0038ADF9 /* Frameworks */,
				AA926EBC1E544A4C0038ADF9 /* Resources */,
				475408FC319FC3C52CA6C97D /* [CP] Embed Pods Frameworks */,
				A6DE7BBAE87E25712C826E78 /* [CP] Copy Pods Resources */,
			);
			buildRules = (
			);
			dependencies = (
			);
			name = RainyShinyCloudy;
			productName = RainyShinyCloudy;
			productReference = AA926EBE1E544A4C0038ADF9 /* RainyShinyCloudy.app */;
			productType = "com.apple.product-type.application";
		};
		AA926ED41E544A4C0038ADF9 /* RainyShinyCloudyTests */ = {
			isa = PBXNativeTarget;
			buildConfigurationList = AA926EEC1E544A4C0038ADF9 /* Build configuration list for PBXNativeTarget "RainyShinyCloudyTests" */;
			buildPhases = (
				44E3F994868CE7A0CED384F3 /* [CP] Check Pods Manifest.lock */,
				AA926ED11E544A4C0038ADF9 /* Sources */,
				AA926ED21E544A4C0038ADF9 /* Frameworks */,
				AA926ED31E544A4C0038ADF9 /* Resources */,
				A671B1050DCBCEFF6BF93979 /* [CP] Embed Pods Frameworks */,
				6FD42E87708150628C568290 /* [CP] Copy Pods Resources */,
			);
			buildRules = (
			);
			dependencies = (
				AA926ED71E544A4C0038ADF9 /* PBXTargetDependency */,
			);
			name = RainyShinyCloudyTests;
			productName = RainyShinyCloudyTests;
			productReference = AA926ED51E544A4C0038ADF9 /* RainyShinyCloudyTests.xctest */;
			productType = "com.apple.product-type.bundle.unit-test";
		};
		AA926EDF1E544A4C0038ADF9 /* RainyShinyCloudyUITests */ = {
			isa = PBXNativeTarget;
			buildConfigurationList = AA926EEF1E544A4C0038ADF9 /* Build configuration list for PBXNativeTarget "RainyShinyCloudyUITests" */;
			buildPhases = (
				4DAF685B5090A83C1613CDF4 /* [CP] Check Pods Manifest.lock */,
				AA926EDC1E544A4C0038ADF9 /* Sources */,
				AA926EDD1E544A4C0038ADF9 /* Frameworks */,
				AA926EDE1E544A4C0038ADF9 /* Resources */,
				AFC1299207FD8CC4BBA3C727 /* [CP] Embed Pods Frameworks */,
				D036B1D7BEF8F20615D8A9A8 /* [CP] Copy Pods Resources */,
			);
			buildRules = (
			);
			dependencies = (
				AA926EE21E544A4C0038ADF9 /* PBXTargetDependency */,
			);
			name = RainyShinyCloudyUITests;
			productName = RainyShinyCloudyUITests;
			productReference = AA926EE01E544A4C0038ADF9 /* RainyShinyCloudyUITests.xctest */;
			productType = "com.apple.product-type.bundle.ui-testing";
		};
/* End PBXNativeTarget section */

/* Begin PBXProject section */
		AA926EB61E544A4C0038ADF9 /* Project object */ = {
			isa = PBXProject;
			attributes = {
				LastSwiftUpdateCheck = 0830;
				LastUpgradeCheck = 0830;
				ORGANIZATIONNAME = "Nguyễn Xuân Đạt";
				TargetAttributes = {
					AA926EBD1E544A4C0038ADF9 = {
						CreatedOnToolsVersion = 8.3;
						DevelopmentTeam = 4U3383F2ZS;
						ProvisioningStyle = Automatic;
					};
					AA926ED41E544A4C0038ADF9 = {
						CreatedOnToolsVersion = 8.3;
						DevelopmentTeam = 4U3383F2ZS;
						ProvisioningStyle = Automatic;
						TestTargetID = AA926EBD1E544A4C0038ADF9;
					};
					AA926EDF1E544A4C0038ADF9 = {
						CreatedOnToolsVersion = 8.3;
						DevelopmentTeam = 4U3383F2ZS;
						ProvisioningStyle = Automatic;
						TestTargetID = AA926EBD1E544A4C0038ADF9;
					};
				};
			};
			buildConfigurationList = AA926EB91E544A4C0038ADF9 /* Build configuration list for PBXProject "RainyShinyCloudy" */;
			compatibilityVersion = "Xcode 3.2";
			developmentRegion = English;
			hasScannedForEncodings = 0;
			knownRegions = (
				en,
				Base,
			);
			mainGroup = AA926EB51E544A4C0038ADF9;
			productRefGroup = AA926EBF1E544A4C0038ADF9 /* Products */;
			projectDirPath = "";
			projectRoot = "";
			targets = (
				AA926EBD1E544A4C0038ADF9 /* RainyShinyCloudy */,
				AA926ED41E544A4C0038ADF9 /* RainyShinyCloudyTests */,
				AA926EDF1E544A4C0038ADF9 /* RainyShinyCloudyUITests */,
			);
		};
/* End PBXProject section */

/* Begin PBXResourcesBuildPhase section */
		AA926EBC1E544A4C0038ADF9 /* Resources */ = {
			isa = PBXResourcesBuildPhase;
			buildActionMask = 2147483647;
			files = (
				AA926ECF1E544A4C0038ADF9 /* LaunchScreen.storyboard in Resources */,
				AA926ECC1E544A4C0038ADF9 /* Assets.xcassets in Resources */,
				AA926EC71E544A4C0038ADF9 /* Main.storyboard in Resources */,
			);
			runOnlyForDeploymentPostprocessing = 0;
		};
		AA926ED31E544A4C0038ADF9 /* Resources */ = {
			isa = PBXResourcesBuildPhase;
			buildActionMask = 2147483647;
			files = (
			);
			runOnlyForDeploymentPostprocessing = 0;
		};
		AA926EDE1E544A4C0038ADF9 /* Resources */ = {
			isa = PBXResourcesBuildPhase;
			buildActionMask = 2147483647;
			files = (
			);
			runOnlyForDeploymentPostprocessing = 0;
		};
/* End PBXResourcesBuildPhase section */

/* Begin PBXShellScriptBuildPhase section */
		44E3F994868CE7A0CED384F3 /* [CP] Check Pods Manifest.lock */ = {
			isa = PBXShellScriptBuildPhase;
			buildActionMask = 2147483647;
			files = (
			);
			inputPaths = (
			);
			name = "[CP] Check Pods Manifest.lock";
			outputPaths = (
			);
			runOnlyForDeploymentPostprocessing = 0;
			shellPath = /bin/sh;
			shellScript = "diff \"${PODS_ROOT}/../Podfile.lock\" \"${PODS_ROOT}/Manifest.lock\" > /dev/null\nif [ $? != 0 ] ; then\n    # print error to STDERR\n    echo \"error: The sandbox is not in sync with the Podfile.lock. Run 'pod install' or update your CocoaPods installation.\" >&2\n    exit 1\nfi\n";
			showEnvVarsInLog = 0;
		};
		475408FC319FC3C52CA6C97D /* [CP] Embed Pods Frameworks */ = {
			isa = PBXShellScriptBuildPhase;
			buildActionMask = 2147483647;
			files = (
			);
			inputPaths = (
			);
			name = "[CP] Embed Pods Frameworks";
			outputPaths = (
			);
			runOnlyForDeploymentPostprocessing = 0;
			shellPath = /bin/sh;
			shellScript = "\"${SRCROOT}/Pods/Target Support Files/Pods-RainyShinyCloudy/Pods-RainyShinyCloudy-frameworks.sh\"\n";
			showEnvVarsInLog = 0;
		};
		4DAF685B5090A83C1613CDF4 /* [CP] Check Pods Manifest.lock */ = {
			isa = PBXShellScriptBuildPhase;
			buildActionMask = 2147483647;
			files = (
			);
			inputPaths = (
			);
			name = "[CP] Check Pods Manifest.lock";
			outputPaths = (
			);
			runOnlyForDeploymentPostprocessing = 0;
			shellPath = /bin/sh;
			shellScript = "diff \"${PODS_ROOT}/../Podfile.lock\" \"${PODS_ROOT}/Manifest.lock\" > /dev/null\nif [ $? != 0 ] ; then\n    # print error to STDERR\n    echo \"error: The sandbox is not in sync with the Podfile.lock. Run 'pod install' or update your CocoaPods installation.\" >&2\n    exit 1\nfi\n";
			showEnvVarsInLog = 0;
		};
		6FD42E87708150628C568290 /* [CP] Copy Pods Resources */ = {
			isa = PBXShellScriptBuildPhase;
			buildActionMask = 2147483647;
			files = (
			);
			inputPaths = (
			);
			name = "[CP] Copy Pods Resources";
			outputPaths = (
			);
			runOnlyForDeploymentPostprocessing = 0;
			shellPath = /bin/sh;
			shellScript = "\"${SRCROOT}/Pods/Target Support Files/Pods-RainyShinyCloudyTests/Pods-RainyShinyCloudyTests-resources.sh\"\n";
			showEnvVarsInLog = 0;
		};
		A671B1050DCBCEFF6BF93979 /* [CP] Embed Pods Frameworks */ = {
			isa = PBXShellScriptBuildPhase;
			buildActionMask = 2147483647;
			files = (
			);
			inputPaths = (
			);
			name = "[CP] Embed Pods Frameworks";
			outputPaths = (
			);
			runOnlyForDeploymentPostprocessing = 0;
			shellPath = /bin/sh;
			shellScript = "\"${SRCROOT}/Pods/Target Support Files/Pods-RainyShinyCloudyTests/Pods-RainyShinyCloudyTests-frameworks.sh\"\n";
			showEnvVarsInLog = 0;
		};
		A6B3F5AB298A6BC8F6AAC419 /* [CP] Check Pods Manifest.lock */ = {
			isa = PBXShellScriptBuildPhase;
			buildActionMask = 2147483647;
			files = (
			);
			inputPaths = (
			);
			name = "[CP] Check Pods Manifest.lock";
			outputPaths = (
			);
			runOnlyForDeploymentPostprocessing = 0;
			shellPath = /bin/sh;
			shellScript = "diff \"${PODS_ROOT}/../Podfile.lock\" \"${PODS_ROOT}/Manifest.lock\" > /dev/null\nif [ $? != 0 ] ; then\n    # print error to STDERR\n    echo \"error: The sandbox is not in sync with the Podfile.lock. Run 'pod install' or update your CocoaPods installation.\" >&2\n    exit 1\nfi\n";
			showEnvVarsInLog = 0;
		};
		A6DE7BBAE87E25712C826E78 /* [CP] Copy Pods Resources */ = {
			isa = PBXShellScriptBuildPhase;
			buildActionMask = 2147483647;
			files = (
			);
			inputPaths = (
			);
			name = "[CP] Copy Pods Resources";
			outputPaths = (
			);
			runOnlyForDeploymentPostprocessing = 0;
			shellPath = /bin/sh;
			shellScript = "\"${SRCROOT}/Pods/Target Support Files/Pods-RainyShinyCloudy/Pods-RainyShinyCloudy-resources.sh\"\n";
			showEnvVarsInLog = 0;
		};
		AFC1299207FD8CC4BBA3C727 /* [CP] Embed Pods Frameworks */ = {
			isa = PBXShellScriptBuildPhase;
			buildActionMask = 2147483647;
			files = (
			);
			inputPaths = (
			);
			name = "[CP] Embed Pods Frameworks";
			outputPaths = (
			);
			runOnlyForDeploymentPostprocessing = 0;
			shellPath = /bin/sh;
			shellScript = "\"${SRCROOT}/Pods/Target Support Files/Pods-RainyShinyCloudyUITests/Pods-RainyShinyCloudyUITests-frameworks.sh\"\n";
			showEnvVarsInLog = 0;
		};
		D036B1D7BEF8F20615D8A9A8 /* [CP] Copy Pods Resources */ = {
			isa = PBXShellScriptBuildPhase;
			buildActionMask = 2147483647;
			files = (
			);
			inputPaths = (
			);
			name = "[CP] Copy Pods Resources";
			outputPaths = (
			);
			runOnlyForDeploymentPostprocessing = 0;
			shellPath = /bin/sh;
			shellScript = "\"${SRCROOT}/Pods/Target Support Files/Pods-RainyShinyCloudyUITests/Pods-RainyShinyCloudyUITests-resources.sh\"\n";
			showEnvVarsInLog = 0;
		};
/* End PBXShellScriptBuildPhase section */

/* Begin PBXSourcesBuildPhase section */
		AA926EBA1E544A4C0038ADF9 /* Sources */ = {
			isa = PBXSourcesBuildPhase;
			buildActionMask = 2147483647;
			files = (
				AA926ECA1E544A4C0038ADF9 /* RainyShinyCloudy.xcdatamodeld in Sources */,
				AA926EC41E544A4C0038ADF9 /* WeatherVC.swift in Sources */,
				AA926EC21E544A4C0038ADF9 /* AppDelegate.swift in Sources */,
			);
			runOnlyForDeploymentPostprocessing = 0;
		};
		AA926ED11E544A4C0038ADF9 /* Sources */ = {
			isa = PBXSourcesBuildPhase;
			buildActionMask = 2147483647;
			files = (
				AA926EDA1E544A4C0038ADF9 /* RainyShinyCloudyTests.swift in Sources */,
			);
			runOnlyForDeploymentPostprocessing = 0;
		};
		AA926EDC1E544A4C0038ADF9 /* Sources */ = {
			isa = PBXSourcesBuildPhase;
			buildActionMask = 2147483647;
			files = (
				AA926EE51E544A4C0038ADF9 /* RainyShinyCloudyUITests.swift in Sources */,
			);
			runOnlyForDeploymentPostprocessing = 0;
		};
/* End PBXSourcesBuildPhase section */

/* Begin PBXTargetDependency section */
		AA926ED71E544A4C0038ADF9 /* PBXTargetDependency */ = {
			isa = PBXTargetDependency;
			target = AA926EBD1E544A4C0038ADF9 /* RainyShinyCloudy */;
			targetProxy = AA926ED61E544A4C0038ADF9 /* PBXContainerItemProxy */;
		};
		AA926EE21E544A4C0038ADF9 /* PBXTargetDependency */ = {
			isa = PBXTargetDependency;
			target = AA926EBD1E544A4C0038ADF9 /* RainyShinyCloudy */;
			targetProxy = AA926EE11E544A4C0038ADF9 /* PBXContainerItemProxy */;
		};
/* End PBXTargetDependency section */

/* Begin PBXVariantGroup section */
		AA926EC51E544A4C0038ADF9 /* Main.storyboard */ = {
			isa = PBXVariantGroup;
			children = (
				AA926EC61E544A4C0038ADF9 /* Base */,
			);
			name = Main.storyboard;
			sourceTree = "<group>";
		};
		AA926ECD1E544A4C0038ADF9 /* LaunchScreen.storyboard */ = {
			isa = PBXVariantGroup;
			children = (
				AA926ECE1E544A4C0038ADF9 /* Base */,
			);
			name = LaunchScreen.storyboard;
			sourceTree = "<group>";
		};
/* End PBXVariantGroup section */

/* Begin XCBuildConfiguration section */
		AA926EE71E544A4C0038ADF9 /* Debug */ = {
			isa = XCBuildConfiguration;
			buildSettings = {
				ALWAYS_SEARCH_USER_PATHS = NO;
				CLANG_ANALYZER_NONNULL = YES;
				CLANG_ANALYZER_NUMBER_OBJECT_CONVERSION = YES_AGGRESSIVE;
				CLANG_CXX_LANGUAGE_STANDARD = "gnu++0x";
				CLANG_CXX_LIBRARY = "libc++";
				CLANG_ENABLE_MODULES = YES;
				CLANG_ENABLE_OBJC_ARC = YES;
				CLANG_WARN_BOOL_CONVERSION = YES;
				CLANG_WARN_CONSTANT_CONVERSION = YES;
				CLANG_WARN_DIRECT_OBJC_ISA_USAGE = YES_ERROR;
				CLANG_WARN_DOCUMENTATION_COMMENTS = YES;
				CLANG_WARN_EMPTY_BODY = YES;
				CLANG_WARN_ENUM_CONVERSION = YES;
				CLANG_WARN_INFINITE_RECURSION = YES;
				CLANG_WARN_INT_CONVERSION = YES;
				CLANG_WARN_OBJC_ROOT_CLASS = YES_ERROR;
				CLANG_WARN_SUSPICIOUS_MOVE = YES;
				CLANG_WARN_UNREACHABLE_CODE = YES;
				CLANG_WARN__DUPLICATE_METHOD_MATCH = YES;
				"CODE_SIGN_IDENTITY[sdk=iphoneos*]" = "iPhone Developer";
				COPY_PHASE_STRIP = NO;
				DEBUG_INFORMATION_FORMAT = dwarf;
				ENABLE_STRICT_OBJC_MSGSEND = YES;
				ENABLE_TESTABILITY = YES;
				GCC_C_LANGUAGE_STANDARD = gnu99;
				GCC_DYNAMIC_NO_PIC = NO;
				GCC_NO_COMMON_BLOCKS = YES;
				GCC_OPTIMIZATION_LEVEL = 0;
				GCC_PREPROCESSOR_DEFINITIONS = (
					"DEBUG=1",
					"$(inherited)",
				);
				GCC_WARN_64_TO_32_BIT_CONVERSION = YES;
				GCC_WARN_ABOUT_RETURN_TYPE = YES_ERROR;
				GCC_WARN_UNDECLARED_SELECTOR = YES;
				GCC_WARN_UNINITIALIZED_AUTOS = YES_AGGRESSIVE;
				GCC_WARN_UNUSED_FUNCTION = YES;
				GCC_WARN_UNUSED_VARIABLE = YES;
				IPHONEOS_DEPLOYMENT_TARGET = 10.3;
				MTL_ENABLE_DEBUG_INFO = YES;
				ONLY_ACTIVE_ARCH = YES;
				SDKROOT = iphoneos;
				SWIFT_ACTIVE_COMPILATION_CONDITIONS = DEBUG;
				SWIFT_OPTIMIZATION_LEVEL = "-Onone";
				TARGETED_DEVICE_FAMILY = "1,2";
			};
			name = Debug;
		};
		AA926EE81E544A4C0038ADF9 /* Release */ = {
			isa = XCBuildConfiguration;
			buildSettings = {
				ALWAYS_SEARCH_USER_PATHS = NO;
				CLANG_ANALYZER_NONNULL = YES;
				CLANG_ANALYZER_NUMBER_OBJECT_CONVERSION = YES_AGGRESSIVE;
				CLANG_CXX_LANGUAGE_STANDARD = "gnu++0x";
				CLANG_CXX_LIBRARY = "libc++";
				CLANG_ENABLE_MODULES = YES;
				CLANG_ENABLE_OBJC_ARC = YES;
				CLANG_WARN_BOOL_CONVERSION = YES;
				CLANG_WARN_CONSTANT_CONVERSION = YES;
				CLANG_WARN_DIRECT_OBJC_ISA_USAGE = YES_ERROR;
				CLANG_WARN_DOCUMENTATION_COMMENTS = YES;
				CLANG_WARN_EMPTY_BODY = YES;
				CLANG_WARN_ENUM_CONVERSION = YES;
				CLANG_WARN_INFINITE_RECURSION = YES;
				CLANG_WARN_INT_CONVERSION = YES;
				CLANG_WARN_OBJC_ROOT_CLASS = YES_ERROR;
				CLANG_WARN_SUSPICIOUS_MOVE = YES;
				CLANG_WARN_UNREACHABLE_CODE = YES;
				CLANG_WARN__DUPLICATE_METHOD_MATCH = YES;
				"CODE_SIGN_IDENTITY[sdk=iphoneos*]" = "iPhone Developer";
				COPY_PHASE_STRIP = NO;
				DEBUG_INFORMATION_FORMAT = "dwarf-with-dsym";
				ENABLE_NS_ASSERTIONS = NO;
				ENABLE_STRICT_OBJC_MSGSEND = YES;
				GCC_C_LANGUAGE_STANDARD = gnu99;
				GCC_NO_COMMON_BLOCKS = YES;
				GCC_WARN_64_TO_32_BIT_CONVERSION = YES;
				GCC_WARN_ABOUT_RETURN_TYPE = YES_ERROR;
				GCC_WARN_UNDECLARED_SELECTOR = YES;
				GCC_WARN_UNINITIALIZED_AUTOS = YES_AGGRESSIVE;
				GCC_WARN_UNUSED_FUNCTION = YES;
				GCC_WARN_UNUSED_VARIABLE = YES;
				IPHONEOS_DEPLOYMENT_TARGET = 10.3;
				MTL_ENABLE_DEBUG_INFO = NO;
				SDKROOT = iphoneos;
				SWIFT_OPTIMIZATION_LEVEL = "-Owholemodule";
				TARGETED_DEVICE_FAMILY = "1,2";
				VALIDATE_PRODUCT = YES;
			};
			name = Release;
		};
		AA926EEA1E544A4C0038ADF9 /* Debug */ = {
			isa = XCBuildConfiguration;
			baseConfigurationReference = 4E2392EACF6E5C0AF803EA04 /* Pods-RainyShinyCloudy.debug.xcconfig */;
			buildSettings = {
				ASSETCATALOG_COMPILER_APPICON_NAME = AppIcon;
				DEVELOPMENT_TEAM = 4U3383F2ZS;
				INFOPLIST_FILE = RainyShinyCloudy/Info.plist;
				LD_RUNPATH_SEARCH_PATHS = "$(inherited) @executable_path/Frameworks";
				PRODUCT_BUNDLE_IDENTIFIER = com.datnguyen.RainyShinyCloudy;
				PRODUCT_NAME = "$(TARGET_NAME)";
				SWIFT_VERSION = 3.0;
				TARGETED_DEVICE_FAMILY = 1;
			};
			name = Debug;
		};
		AA926EEB1E544A4C0038ADF9 /* Release */ = {
			isa = XCBuildConfiguration;
			baseConfigurationReference = 0418031C5F669B08B54E8E8E /* Pods-RainyShinyCloudy.release.xcconfig */;
			buildSettings = {
				ASSETCATALOG_COMPILER_APPICON_NAME = AppIcon;
				DEVELOPMENT_TEAM = 4U3383F2ZS;
				INFOPLIST_FILE = RainyShinyCloudy/Info.plist;
				LD_RUNPATH_SEARCH_PATHS = "$(inherited) @executable_path/Frameworks";
				PRODUCT_BUNDLE_IDENTIFIER = com.datnguyen.RainyShinyCloudy;
				PRODUCT_NAME = "$(TARGET_NAME)";
				SWIFT_VERSION = 3.0;
				TARGETED_DEVICE_FAMILY = 1;
			};
			name = Release;
		};
		AA926EED1E544A4C0038ADF9 /* Debug */ = {
			isa = XCBuildConfiguration;
			baseConfigurationReference = 179344862125FF529AEC283D /* Pods-RainyShinyCloudyTests.debug.xcconfig */;
			buildSettings = {
				ALWAYS_EMBED_SWIFT_STANDARD_LIBRARIES = YES;
				BUNDLE_LOADER = "$(TEST_HOST)";
				DEVELOPMENT_TEAM = 4U3383F2ZS;
				INFOPLIST_FILE = RainyShinyCloudyTests/Info.plist;
				LD_RUNPATH_SEARCH_PATHS = "$(inherited) @executable_path/Frameworks @loader_path/Frameworks";
				PRODUCT_BUNDLE_IDENTIFIER = com.datnguyen.RainyShinyCloudyTests;
				PRODUCT_NAME = "$(TARGET_NAME)";
				SWIFT_VERSION = 3.0;
				TEST_HOST = "$(BUILT_PRODUCTS_DIR)/RainyShinyCloudy.app/RainyShinyCloudy";
			};
			name = Debug;
		};
		AA926EEE1E544A4C0038ADF9 /* Release */ = {
			isa = XCBuildConfiguration;
			baseConfigurationReference = 5E502E00DA8999D9BC4DB79A /* Pods-RainyShinyCloudyTests.release.xcconfig */;
			buildSettings = {
				ALWAYS_EMBED_SWIFT_STANDARD_LIBRARIES = YES;
				BUNDLE_LOADER = "$(TEST_HOST)";
				DEVELOPMENT_TEAM = 4U3383F2ZS;
				INFOPLIST_FILE = RainyShinyCloudyTests/Info.plist;
				LD_RUNPATH_SEARCH_PATHS = "$(inherited) @executable_path/Frameworks @loader_path/Frameworks";
				PRODUCT_BUNDLE_IDENTIFIER = com.datnguyen.RainyShinyCloudyTests;
				PRODUCT_NAME = "$(TARGET_NAME)";
				SWIFT_VERSION = 3.0;
				TEST_HOST = "$(BUILT_PRODUCTS_DIR)/RainyShinyCloudy.app/RainyShinyCloudy";
			};
			name = Release;
		};
		AA926EF01E544A4C0038ADF9 /* Debug */ = {
			isa = XCBuildConfiguration;
			baseConfigurationReference = 79866DB7368FA751B275DDD3 /* Pods-RainyShinyCloudyUITests.debug.xcconfig */;
			buildSettings = {
				ALWAYS_EMBED_SWIFT_STANDARD_LIBRARIES = YES;
				DEVELOPMENT_TEAM = 4U3383F2ZS;
				INFOPLIST_FILE = RainyShinyCloudyUITests/Info.plist;
				LD_RUNPATH_SEARCH_PATHS = "$(inherited) @executable_path/Frameworks @loader_path/Frameworks";
				PRODUCT_BUNDLE_IDENTIFIER = com.datnguyen.RainyShinyCloudyUITests;
				PRODUCT_NAME = "$(TARGET_NAME)";
				SWIFT_VERSION = 3.0;
				TEST_TARGET_NAME = RainyShinyCloudy;
			};
			name = Debug;
		};
		AA926EF11E544A4C0038ADF9 /* Release */ = {
			isa = XCBuildConfiguration;
			baseConfigurationReference = 15C8AAAB2FF13B9F248EB9BD /* Pods-RainyShinyCloudyUITests.release.xcconfig */;
			buildSettings = {
				ALWAYS_EMBED_SWIFT_STANDARD_LIBRARIES = YES;
				DEVELOPMENT_TEAM = 4U3383F2ZS;
				INFOPLIST_FILE = RainyShinyCloudyUITests/Info.plist;
				LD_RUNPATH_SEARCH_PATHS = "$(inherited) @executable_path/Frameworks @loader_path/Frameworks";
				PRODUCT_BUNDLE_IDENTIFIER = com.datnguyen.RainyShinyCloudyUITests;
				PRODUCT_NAME = "$(TARGET_NAME)";
				SWIFT_VERSION = 3.0;
				TEST_TARGET_NAME = RainyShinyCloudy;
			};
			name = Release;
		};
/* End XCBuildConfiguration section */

/* Begin XCConfigurationList section */
		AA926EB91E544A4C0038ADF9 /* Build configuration list for PBXProject "RainyShinyCloudy" */ = {
			isa = XCConfigurationList;
			buildConfigurations = (
				AA926EE71E544A4C0038ADF9 /* Debug */,
				AA926EE81E544A4C0038ADF9 /* Release */,
			);
			defaultConfigurationIsVisible = 0;
			defaultConfigurationName = Release;
		};
		AA926EE91E544A4C0038ADF9 /* Build configuration list for PBXNativeTarget "RainyShinyCloudy" */ = {
			isa = XCConfigurationList;
			buildConfigurations = (
				AA926EEA1E544A4C0038ADF9 /* Debug */,
				AA926EEB1E544A4C0038ADF9 /* Release */,
			);
			defaultConfigurationIsVisible = 0;
			defaultConfigurationName = Release;
		};
		AA926EEC1E544A4C0038ADF9 /* Build configuration list for PBXNativeTarget "RainyShinyCloudyTests" */ = {
			isa = XCConfigurationList;
			buildConfigurations = (
				AA926EED1E544A4C0038ADF9 /* Debug */,
				AA926EEE1E544A4C0038ADF9 /* Release */,
			);
			defaultConfigurationIsVisible = 0;
			defaultConfigurationName = Release;
		};
		AA926EEF1E544A4C0038ADF9 /* Build configuration list for PBXNativeTarget "RainyShinyCloudyUITests" */ = {
			isa = XCConfigurationList;
			buildConfigurations = (
				AA926EF01E544A4C0038ADF9 /* Debug */,
				AA926EF11E544A4C0038ADF9 /* Release */,
			);
			defaultConfigurationIsVisible = 0;
			defaultConfigurationName = Release;
		};
/* End XCConfigurationList section */

/* Begin XCVersionGroup section */
		AA926EC81E544A4C0038ADF9 /* RainyShinyCloudy.xcdatamodeld */ = {
			isa = XCVersionGroup;
			children = (
				AA926EC91E544A4C0038ADF9 /* RainyShinyCloudy.xcdatamodel */,
			);
			currentVersion = AA926EC91E544A4C0038ADF9 /* RainyShinyCloudy.xcdatamodel */;
			path = RainyShinyCloudy.xcdatamodeld;
			sourceTree = "<group>";
			versionGroupType = wrapper.xcdatamodel;
		};
/* End XCVersionGroup section */
	};
	rootObject = AA926EB61E544A4C0038ADF9 /* Project object */;
}
